// !$*UTF8*$!
{
	archiveVersion = 1;
	classes = {
	};
	objectVersion = 50;
	objects = {

/* Begin PBXBuildFile section */
		9201DCB322F70769008C8672 /* ZipFile.swift in Sources */ = {isa = PBXBuildFile; fileRef = 9201DCB222F70769008C8672 /* ZipFile.swift */; };
		920845EA22FC0036004D743F /* Launch.storyboard in Resources */ = {isa = PBXBuildFile; fileRef = 920845E922FC0036004D743F /* Launch.storyboard */; };
		9213F1792301A9760002023F /* IAPHelper.swift in Sources */ = {isa = PBXBuildFile; fileRef = 9213F1782301A9760002023F /* IAPHelper.swift */; };
		9213F1812301A9A10002023F /* PremiumBuyCell.xib in Resources */ = {isa = PBXBuildFile; fileRef = 9213F17B2301A9A10002023F /* PremiumBuyCell.xib */; };
		9213F1822301A9A10002023F /* SubscriptionDetailsCell.xib in Resources */ = {isa = PBXBuildFile; fileRef = 9213F17C2301A9A10002023F /* SubscriptionDetailsCell.xib */; };
		9213F1832301A9A10002023F /* SubscriptionDetailsCell.swift in Sources */ = {isa = PBXBuildFile; fileRef = 9213F17D2301A9A10002023F /* SubscriptionDetailsCell.swift */; };
		9213F1842301A9A10002023F /* PremiumBuyCell.swift in Sources */ = {isa = PBXBuildFile; fileRef = 9213F17E2301A9A10002023F /* PremiumBuyCell.swift */; };
		9213F1852301A9A10002023F /* Premium.storyboard in Resources */ = {isa = PBXBuildFile; fileRef = 9213F17F2301A9A10002023F /* Premium.storyboard */; };
		9213F1862301A9A10002023F /* PremiumViewController.swift in Sources */ = {isa = PBXBuildFile; fileRef = 9213F1802301A9A10002023F /* PremiumViewController.swift */; };
		9213F1882301A9D30002023F /* PremiumManager.swift in Sources */ = {isa = PBXBuildFile; fileRef = 9213F1872301A9D30002023F /* PremiumManager.swift */; };
		9218F16F22C0E52F008DAC76 /* AppDelegate.swift in Sources */ = {isa = PBXBuildFile; fileRef = 9218F16E22C0E52F008DAC76 /* AppDelegate.swift */; };
		9218F17422C0E52F008DAC76 /* Main.storyboard in Resources */ = {isa = PBXBuildFile; fileRef = 9218F17222C0E52F008DAC76 /* Main.storyboard */; };
		9218F17622C0E530008DAC76 /* Assets.xcassets in Resources */ = {isa = PBXBuildFile; fileRef = 9218F17522C0E530008DAC76 /* Assets.xcassets */; };
		9218F17922C0E530008DAC76 /* LaunchScreen.storyboard in Resources */ = {isa = PBXBuildFile; fileRef = 9218F17722C0E530008DAC76 /* LaunchScreen.storyboard */; };
		9218F18522C0E672008DAC76 /* SystemInfoTableViewController.swift in Sources */ = {isa = PBXBuildFile; fileRef = 9218F18422C0E672008DAC76 /* SystemInfoTableViewController.swift */; };
		9218F18722C0E67A008DAC76 /* SystemInfo.storyboard in Resources */ = {isa = PBXBuildFile; fileRef = 9218F18622C0E67A008DAC76 /* SystemInfo.storyboard */; };
		9218F18C22C0E6BE008DAC76 /* Scan.storyboard in Resources */ = {isa = PBXBuildFile; fileRef = 9218F18B22C0E6BE008DAC76 /* Scan.storyboard */; };
		9218F18F22C0E70C008DAC76 /* StorageTableViewController.swift in Sources */ = {isa = PBXBuildFile; fileRef = 9218F18E22C0E70C008DAC76 /* StorageTableViewController.swift */; };
		9218F19122C0E712008DAC76 /* Storage.storyboard in Resources */ = {isa = PBXBuildFile; fileRef = 9218F19022C0E712008DAC76 /* Storage.storyboard */; };
		9218F19422C0E73A008DAC76 /* SettingsTableViewController.swift in Sources */ = {isa = PBXBuildFile; fileRef = 9218F19322C0E73A008DAC76 /* SettingsTableViewController.swift */; };
		9218F19622C0E78D008DAC76 /* Settings.storyboard in Resources */ = {isa = PBXBuildFile; fileRef = 9218F19522C0E78D008DAC76 /* Settings.storyboard */; };
		9218F19822C0E7B1008DAC76 /* ScanTableViewController.swift in Sources */ = {isa = PBXBuildFile; fileRef = 9218F19722C0E7B1008DAC76 /* ScanTableViewController.swift */; };
		9219BB1822F0BCA300C91B79 /* ImagePickerEmptyCell.swift in Sources */ = {isa = PBXBuildFile; fileRef = 9219BB1622F0BCA300C91B79 /* ImagePickerEmptyCell.swift */; };
		9219BB1922F0BCA300C91B79 /* ImagePickerEmptyCell.xib in Resources */ = {isa = PBXBuildFile; fileRef = 9219BB1722F0BCA300C91B79 /* ImagePickerEmptyCell.xib */; };
		9219BB1C22F0BF3E00C91B79 /* ImagePickerState.swift in Sources */ = {isa = PBXBuildFile; fileRef = 9219BB1B22F0BF3E00C91B79 /* ImagePickerState.swift */; };
		9229D76622F01A5900E16A64 /* ImagePickerController.swift in Sources */ = {isa = PBXBuildFile; fileRef = 9229D76522F01A5900E16A64 /* ImagePickerController.swift */; };
		9229D76A22F01AF300E16A64 /* ImagePickerCell.swift in Sources */ = {isa = PBXBuildFile; fileRef = 9229D76822F01AF300E16A64 /* ImagePickerCell.swift */; };
		9229D76B22F01AF300E16A64 /* ImagePickerCell.xib in Resources */ = {isa = PBXBuildFile; fileRef = 9229D76922F01AF300E16A64 /* ImagePickerCell.xib */; };
		922B3E6622C88D07003FC90D /* AddPasswordTableViewController.swift in Sources */ = {isa = PBXBuildFile; fileRef = 922B3E6522C88D07003FC90D /* AddPasswordTableViewController.swift */; };
		9244865122CE002900233499 /* DefaultsManager.swift in Sources */ = {isa = PBXBuildFile; fileRef = 9244865022CE002900233499 /* DefaultsManager.swift */; };
		9244865622CE007100233499 /* DeleteMediaRule.swift in Sources */ = {isa = PBXBuildFile; fileRef = 9244865522CE007100233499 /* DeleteMediaRule.swift */; };
		92460F9922CDC772001E4AC5 /* PasswordDetailsViewController.swift in Sources */ = {isa = PBXBuildFile; fileRef = 92460F9822CDC772001E4AC5 /* PasswordDetailsViewController.swift */; };
		924C614E22FBFDB0000724E5 /* PasscodeManager.swift in Sources */ = {isa = PBXBuildFile; fileRef = 924C614D22FBFDB0000724E5 /* PasscodeManager.swift */; };
		924C615322FBFFD8000724E5 /* LaunchViewController.swift in Sources */ = {isa = PBXBuildFile; fileRef = 924C615222FBFFD8000724E5 /* LaunchViewController.swift */; };
		9268AAB222EF5BC5005F7CF7 /* ArchiveViewController.swift in Sources */ = {isa = PBXBuildFile; fileRef = 9268AAB122EF5BC5005F7CF7 /* ArchiveViewController.swift */; };
		9268AAB422EF5BFA005F7CF7 /* Archive.storyboard in Resources */ = {isa = PBXBuildFile; fileRef = 9268AAB322EF5BFA005F7CF7 /* Archive.storyboard */; };
		9268AAB722EF6065005F7CF7 /* CellReusable.swift in Sources */ = {isa = PBXBuildFile; fileRef = 9268AAB622EF6065005F7CF7 /* CellReusable.swift */; };
		9268AAB922EF609B005F7CF7 /* SizeConfigurable.swift in Sources */ = {isa = PBXBuildFile; fileRef = 9268AAB822EF609B005F7CF7 /* SizeConfigurable.swift */; };
		9268AABC22EF6146005F7CF7 /* ArchiveCell.swift in Sources */ = {isa = PBXBuildFile; fileRef = 9268AABA22EF6146005F7CF7 /* ArchiveCell.swift */; };
		9268AABD22EF6146005F7CF7 /* ArchiveCell.xib in Resources */ = {isa = PBXBuildFile; fileRef = 9268AABB22EF6146005F7CF7 /* ArchiveCell.xib */; };
		9268AABF22EF6459005F7CF7 /* NibLoadable.swift in Sources */ = {isa = PBXBuildFile; fileRef = 9268AABE22EF6459005F7CF7 /* NibLoadable.swift */; };
		9270C07722C8B9F9004CD760 /* StorageData.swift in Sources */ = {isa = PBXBuildFile; fileRef = 9270C07622C8B9F9004CD760 /* StorageData.swift */; };
		9273027B22C333A000931541 /* Device.swift in Sources */ = {isa = PBXBuildFile; fileRef = 9273027A22C333A000931541 /* Device.swift */; };
		927EB5DD22F0A61F009CDFB1 /* PhotosManager.swift in Sources */ = {isa = PBXBuildFile; fileRef = 927EB5DC22F0A61F009CDFB1 /* PhotosManager.swift */; };
		927FA21D22C9046800731B43 /* StorageManager.swift in Sources */ = {isa = PBXBuildFile; fileRef = 927FA21C22C9046800731B43 /* StorageManager.swift */; };
		92B14FE622C79C2D0055FFF0 /* Double+Formats.swift in Sources */ = {isa = PBXBuildFile; fileRef = 92B14FE522C79C2D0055FFF0 /* Double+Formats.swift */; };
		92C573B422C26BD000A9B424 /* UIColor+Colors.swift in Sources */ = {isa = PBXBuildFile; fileRef = 92C573B322C26BD000A9B424 /* UIColor+Colors.swift */; };
		92D8306722F3F1D6009EE7FE /* ZipManager.swift in Sources */ = {isa = PBXBuildFile; fileRef = 92D8306622F3F1D6009EE7FE /* ZipManager.swift */; };
		92DF600522F29F480001E3FE /* ImagePickerHeaderView.swift in Sources */ = {isa = PBXBuildFile; fileRef = 92DF600322F29F480001E3FE /* ImagePickerHeaderView.swift */; };
		92DF600622F29F480001E3FE /* ImagePickerHeaderView.xib in Resources */ = {isa = PBXBuildFile; fileRef = 92DF600422F29F480001E3FE /* ImagePickerHeaderView.xib */; };
		92E6BF0D22E3081400180FF7 /* Command.swift in Sources */ = {isa = PBXBuildFile; fileRef = 92E6BF0C22E3081400180FF7 /* Command.swift */; };
		92E6BF0F22E3086B00180FF7 /* Configurator.swift in Sources */ = {isa = PBXBuildFile; fileRef = 92E6BF0E22E3086B00180FF7 /* Configurator.swift */; };
		92E6BF1222E3095C00180FF7 /* AppDelegateConfigurator.swift in Sources */ = {isa = PBXBuildFile; fileRef = 92E6BF1122E3095C00180FF7 /* AppDelegateConfigurator.swift */; };
		92E6BF1422E30AC300180FF7 /* SetupAnalyticsCommand.swift in Sources */ = {isa = PBXBuildFile; fileRef = 92E6BF1322E30AC300180FF7 /* SetupAnalyticsCommand.swift */; };
		92E6BF1622E30BBC00180FF7 /* GoogleService-Info.plist in Resources */ = {isa = PBXBuildFile; fileRef = 92E6BF1522E30BBC00180FF7 /* GoogleService-Info.plist */; };
		92E6BF1A22E3189800180FF7 /* SystemInfoSection.swift in Sources */ = {isa = PBXBuildFile; fileRef = 92E6BF1922E3189800180FF7 /* SystemInfoSection.swift */; };
		92E6BF1C22E31D5100180FF7 /* UIViewController+Toast.swift in Sources */ = {isa = PBXBuildFile; fileRef = 92E6BF1B22E31D5100180FF7 /* UIViewController+Toast.swift */; };
		92E91AF722F8922300E21338 /* ArchiveEmptyCell.swift in Sources */ = {isa = PBXBuildFile; fileRef = 92E91AF522F8922300E21338 /* ArchiveEmptyCell.swift */; };
		92E91AF822F8922300E21338 /* ArchiveEmptyCell.xib in Resources */ = {isa = PBXBuildFile; fileRef = 92E91AF622F8922300E21338 /* ArchiveEmptyCell.xib */; };
		92E91AFB22F895C000E21338 /* ZipDetailsViewController.swift in Sources */ = {isa = PBXBuildFile; fileRef = 92E91AFA22F895C000E21338 /* ZipDetailsViewController.swift */; };
		92F29BB122FABFCC00869F66 /* Storage.swift in Sources */ = {isa = PBXBuildFile; fileRef = 92F29BB022FABFCC00869F66 /* Storage.swift */; };
		C2D1AE6DE74B2B7D728AA299 /* libPods-Guard.a in Frameworks */ = {isa = PBXBuildFile; fileRef = 6A3E0666F257CDA2065271FB /* libPods-Guard.a */; };
/* End PBXBuildFile section */

/* Begin PBXFileReference section */
		6A3E0666F257CDA2065271FB /* libPods-Guard.a */ = {isa = PBXFileReference; explicitFileType = archive.ar; includeInIndex = 0; path = "libPods-Guard.a"; sourceTree = BUILT_PRODUCTS_DIR; };
		9201DCB222F70769008C8672 /* ZipFile.swift */ = {isa = PBXFileReference; lastKnownFileType = sourcecode.swift; path = ZipFile.swift; sourceTree = "<group>"; };
		920845E922FC0036004D743F /* Launch.storyboard */ = {isa = PBXFileReference; lastKnownFileType = file.storyboard; path = Launch.storyboard; sourceTree = "<group>"; };
		9213F1782301A9760002023F /* IAPHelper.swift */ = {isa = PBXFileReference; lastKnownFileType = sourcecode.swift; path = IAPHelper.swift; sourceTree = "<group>"; };
		9213F17B2301A9A10002023F /* PremiumBuyCell.xib */ = {isa = PBXFileReference; fileEncoding = 4; lastKnownFileType = file.xib; path = PremiumBuyCell.xib; sourceTree = "<group>"; };
		9213F17C2301A9A10002023F /* SubscriptionDetailsCell.xib */ = {isa = PBXFileReference; fileEncoding = 4; lastKnownFileType = file.xib; path = SubscriptionDetailsCell.xib; sourceTree = "<group>"; };
		9213F17D2301A9A10002023F /* SubscriptionDetailsCell.swift */ = {isa = PBXFileReference; fileEncoding = 4; lastKnownFileType = sourcecode.swift; path = SubscriptionDetailsCell.swift; sourceTree = "<group>"; };
		9213F17E2301A9A10002023F /* PremiumBuyCell.swift */ = {isa = PBXFileReference; fileEncoding = 4; lastKnownFileType = sourcecode.swift; path = PremiumBuyCell.swift; sourceTree = "<group>"; };
		9213F17F2301A9A10002023F /* Premium.storyboard */ = {isa = PBXFileReference; fileEncoding = 4; lastKnownFileType = file.storyboard; path = Premium.storyboard; sourceTree = "<group>"; };
		9213F1802301A9A10002023F /* PremiumViewController.swift */ = {isa = PBXFileReference; fileEncoding = 4; lastKnownFileType = sourcecode.swift; path = PremiumViewController.swift; sourceTree = "<group>"; };
		9213F1872301A9D30002023F /* PremiumManager.swift */ = {isa = PBXFileReference; lastKnownFileType = sourcecode.swift; path = PremiumManager.swift; sourceTree = "<group>"; };
		9218F16B22C0E52F008DAC76 /* Guard.app */ = {isa = PBXFileReference; explicitFileType = wrapper.application; includeInIndex = 0; path = Guard.app; sourceTree = BUILT_PRODUCTS_DIR; };
		9218F16E22C0E52F008DAC76 /* AppDelegate.swift */ = {isa = PBXFileReference; lastKnownFileType = sourcecode.swift; path = AppDelegate.swift; sourceTree = "<group>"; };
		9218F17322C0E52F008DAC76 /* Base */ = {isa = PBXFileReference; lastKnownFileType = file.storyboard; name = Base; path = Base.lproj/Main.storyboard; sourceTree = "<group>"; };
		9218F17522C0E530008DAC76 /* Assets.xcassets */ = {isa = PBXFileReference; lastKnownFileType = folder.assetcatalog; path = Assets.xcassets; sourceTree = "<group>"; };
		9218F17822C0E530008DAC76 /* Base */ = {isa = PBXFileReference; lastKnownFileType = file.storyboard; name = Base; path = Base.lproj/LaunchScreen.storyboard; sourceTree = "<group>"; };
		9218F17A22C0E530008DAC76 /* Info.plist */ = {isa = PBXFileReference; lastKnownFileType = text.plist.xml; path = Info.plist; sourceTree = "<group>"; };
		9218F18422C0E672008DAC76 /* SystemInfoTableViewController.swift */ = {isa = PBXFileReference; lastKnownFileType = sourcecode.swift; path = SystemInfoTableViewController.swift; sourceTree = "<group>"; };
		9218F18622C0E67A008DAC76 /* SystemInfo.storyboard */ = {isa = PBXFileReference; lastKnownFileType = file.storyboard; path = SystemInfo.storyboard; sourceTree = "<group>"; };
		9218F18B22C0E6BE008DAC76 /* Scan.storyboard */ = {isa = PBXFileReference; lastKnownFileType = file.storyboard; path = Scan.storyboard; sourceTree = "<group>"; };
		9218F18E22C0E70C008DAC76 /* StorageTableViewController.swift */ = {isa = PBXFileReference; lastKnownFileType = sourcecode.swift; path = StorageTableViewController.swift; sourceTree = "<group>"; };
		9218F19022C0E712008DAC76 /* Storage.storyboard */ = {isa = PBXFileReference; lastKnownFileType = file.storyboard; path = Storage.storyboard; sourceTree = "<group>"; };
		9218F19322C0E73A008DAC76 /* SettingsTableViewController.swift */ = {isa = PBXFileReference; lastKnownFileType = sourcecode.swift; path = SettingsTableViewController.swift; sourceTree = "<group>"; };
		9218F19522C0E78D008DAC76 /* Settings.storyboard */ = {isa = PBXFileReference; lastKnownFileType = file.storyboard; path = Settings.storyboard; sourceTree = "<group>"; };
		9218F19722C0E7B1008DAC76 /* ScanTableViewController.swift */ = {isa = PBXFileReference; lastKnownFileType = sourcecode.swift; path = ScanTableViewController.swift; sourceTree = "<group>"; };
		9219BB1622F0BCA300C91B79 /* ImagePickerEmptyCell.swift */ = {isa = PBXFileReference; lastKnownFileType = sourcecode.swift; path = ImagePickerEmptyCell.swift; sourceTree = "<group>"; };
		9219BB1722F0BCA300C91B79 /* ImagePickerEmptyCell.xib */ = {isa = PBXFileReference; lastKnownFileType = file.xib; path = ImagePickerEmptyCell.xib; sourceTree = "<group>"; };
		9219BB1B22F0BF3E00C91B79 /* ImagePickerState.swift */ = {isa = PBXFileReference; lastKnownFileType = sourcecode.swift; path = ImagePickerState.swift; sourceTree = "<group>"; };
		9229D76522F01A5900E16A64 /* ImagePickerController.swift */ = {isa = PBXFileReference; lastKnownFileType = sourcecode.swift; path = ImagePickerController.swift; sourceTree = "<group>"; };
		9229D76822F01AF300E16A64 /* ImagePickerCell.swift */ = {isa = PBXFileReference; lastKnownFileType = sourcecode.swift; path = ImagePickerCell.swift; sourceTree = "<group>"; };
		9229D76922F01AF300E16A64 /* ImagePickerCell.xib */ = {isa = PBXFileReference; lastKnownFileType = file.xib; path = ImagePickerCell.xib; sourceTree = "<group>"; };
		922B3E6522C88D07003FC90D /* AddPasswordTableViewController.swift */ = {isa = PBXFileReference; lastKnownFileType = sourcecode.swift; path = AddPasswordTableViewController.swift; sourceTree = "<group>"; };
		9244865022CE002900233499 /* DefaultsManager.swift */ = {isa = PBXFileReference; lastKnownFileType = sourcecode.swift; path = DefaultsManager.swift; sourceTree = "<group>"; };
		9244865522CE007100233499 /* DeleteMediaRule.swift */ = {isa = PBXFileReference; lastKnownFileType = sourcecode.swift; path = DeleteMediaRule.swift; sourceTree = "<group>"; };
		92460F9822CDC772001E4AC5 /* PasswordDetailsViewController.swift */ = {isa = PBXFileReference; lastKnownFileType = sourcecode.swift; path = PasswordDetailsViewController.swift; sourceTree = "<group>"; };
		924C614D22FBFDB0000724E5 /* PasscodeManager.swift */ = {isa = PBXFileReference; lastKnownFileType = sourcecode.swift; path = PasscodeManager.swift; sourceTree = "<group>"; };
		924C615222FBFFD8000724E5 /* LaunchViewController.swift */ = {isa = PBXFileReference; lastKnownFileType = sourcecode.swift; path = LaunchViewController.swift; sourceTree = "<group>"; };
		9268AAB122EF5BC5005F7CF7 /* ArchiveViewController.swift */ = {isa = PBXFileReference; lastKnownFileType = sourcecode.swift; path = ArchiveViewController.swift; sourceTree = "<group>"; };
		9268AAB322EF5BFA005F7CF7 /* Archive.storyboard */ = {isa = PBXFileReference; lastKnownFileType = file.storyboard; path = Archive.storyboard; sourceTree = "<group>"; };
		9268AAB622EF6065005F7CF7 /* CellReusable.swift */ = {isa = PBXFileReference; lastKnownFileType = sourcecode.swift; path = CellReusable.swift; sourceTree = "<group>"; };
		9268AAB822EF609B005F7CF7 /* SizeConfigurable.swift */ = {isa = PBXFileReference; lastKnownFileType = sourcecode.swift; path = SizeConfigurable.swift; sourceTree = "<group>"; };
		9268AABA22EF6146005F7CF7 /* ArchiveCell.swift */ = {isa = PBXFileReference; lastKnownFileType = sourcecode.swift; path = ArchiveCell.swift; sourceTree = "<group>"; };
		9268AABB22EF6146005F7CF7 /* ArchiveCell.xib */ = {isa = PBXFileReference; lastKnownFileType = file.xib; path = ArchiveCell.xib; sourceTree = "<group>"; };
		9268AABE22EF6459005F7CF7 /* NibLoadable.swift */ = {isa = PBXFileReference; lastKnownFileType = sourcecode.swift; path = NibLoadable.swift; sourceTree = "<group>"; };
		9270C07622C8B9F9004CD760 /* StorageData.swift */ = {isa = PBXFileReference; lastKnownFileType = sourcecode.swift; path = StorageData.swift; sourceTree = "<group>"; };
		9273027A22C333A000931541 /* Device.swift */ = {isa = PBXFileReference; lastKnownFileType = sourcecode.swift; path = Device.swift; sourceTree = "<group>"; };
		927EB5DC22F0A61F009CDFB1 /* PhotosManager.swift */ = {isa = PBXFileReference; lastKnownFileType = sourcecode.swift; path = PhotosManager.swift; sourceTree = "<group>"; };
		927FA21C22C9046800731B43 /* StorageManager.swift */ = {isa = PBXFileReference; lastKnownFileType = sourcecode.swift; path = StorageManager.swift; sourceTree = "<group>"; };
		92B14FE522C79C2D0055FFF0 /* Double+Formats.swift */ = {isa = PBXFileReference; lastKnownFileType = sourcecode.swift; path = "Double+Formats.swift"; sourceTree = "<group>"; };
		92C573B322C26BD000A9B424 /* UIColor+Colors.swift */ = {isa = PBXFileReference; lastKnownFileType = sourcecode.swift; path = "UIColor+Colors.swift"; sourceTree = "<group>"; };
		92D8306622F3F1D6009EE7FE /* ZipManager.swift */ = {isa = PBXFileReference; lastKnownFileType = sourcecode.swift; path = ZipManager.swift; sourceTree = "<group>"; };
		92DF600322F29F480001E3FE /* ImagePickerHeaderView.swift */ = {isa = PBXFileReference; lastKnownFileType = sourcecode.swift; path = ImagePickerHeaderView.swift; sourceTree = "<group>"; };
		92DF600422F29F480001E3FE /* ImagePickerHeaderView.xib */ = {isa = PBXFileReference; lastKnownFileType = file.xib; path = ImagePickerHeaderView.xib; sourceTree = "<group>"; };
		92E6BF0C22E3081400180FF7 /* Command.swift */ = {isa = PBXFileReference; lastKnownFileType = sourcecode.swift; path = Command.swift; sourceTree = "<group>"; };
		92E6BF0E22E3086B00180FF7 /* Configurator.swift */ = {isa = PBXFileReference; lastKnownFileType = sourcecode.swift; path = Configurator.swift; sourceTree = "<group>"; };
		92E6BF1122E3095C00180FF7 /* AppDelegateConfigurator.swift */ = {isa = PBXFileReference; lastKnownFileType = sourcecode.swift; path = AppDelegateConfigurator.swift; sourceTree = "<group>"; };
		92E6BF1322E30AC300180FF7 /* SetupAnalyticsCommand.swift */ = {isa = PBXFileReference; lastKnownFileType = sourcecode.swift; path = SetupAnalyticsCommand.swift; sourceTree = "<group>"; };
		92E6BF1522E30BBC00180FF7 /* GoogleService-Info.plist */ = {isa = PBXFileReference; fileEncoding = 4; lastKnownFileType = text.plist.xml; path = "GoogleService-Info.plist"; sourceTree = "<group>"; };
		92E6BF1922E3189800180FF7 /* SystemInfoSection.swift */ = {isa = PBXFileReference; lastKnownFileType = sourcecode.swift; path = SystemInfoSection.swift; sourceTree = "<group>"; };
		92E6BF1B22E31D5100180FF7 /* UIViewController+Toast.swift */ = {isa = PBXFileReference; lastKnownFileType = sourcecode.swift; path = "UIViewController+Toast.swift"; sourceTree = "<group>"; };
		92E91AF522F8922300E21338 /* ArchiveEmptyCell.swift */ = {isa = PBXFileReference; lastKnownFileType = sourcecode.swift; path = ArchiveEmptyCell.swift; sourceTree = "<group>"; };
		92E91AF622F8922300E21338 /* ArchiveEmptyCell.xib */ = {isa = PBXFileReference; lastKnownFileType = file.xib; path = ArchiveEmptyCell.xib; sourceTree = "<group>"; };
		92E91AFA22F895C000E21338 /* ZipDetailsViewController.swift */ = {isa = PBXFileReference; lastKnownFileType = sourcecode.swift; path = ZipDetailsViewController.swift; sourceTree = "<group>"; };
		92F29BB022FABFCC00869F66 /* Storage.swift */ = {isa = PBXFileReference; fileEncoding = 4; lastKnownFileType = sourcecode.swift; path = Storage.swift; sourceTree = "<group>"; };
		B1B32BF85149E5A80C39F0CE /* Pods-Guard.release.xcconfig */ = {isa = PBXFileReference; includeInIndex = 1; lastKnownFileType = text.xcconfig; name = "Pods-Guard.release.xcconfig"; path = "Target Support Files/Pods-Guard/Pods-Guard.release.xcconfig"; sourceTree = "<group>"; };
		D4BDC7207554ECCA9FDA23C1 /* Pods-Guard.debug.xcconfig */ = {isa = PBXFileReference; includeInIndex = 1; lastKnownFileType = text.xcconfig; name = "Pods-Guard.debug.xcconfig"; path = "Target Support Files/Pods-Guard/Pods-Guard.debug.xcconfig"; sourceTree = "<group>"; };
/* End PBXFileReference section */

/* Begin PBXFrameworksBuildPhase section */
		9218F16822C0E52F008DAC76 /* Frameworks */ = {
			isa = PBXFrameworksBuildPhase;
			buildActionMask = 2147483647;
			files = (
				C2D1AE6DE74B2B7D728AA299 /* libPods-Guard.a in Frameworks */,
			);
			runOnlyForDeploymentPostprocessing = 0;
		};
/* End PBXFrameworksBuildPhase section */

/* Begin PBXGroup section */
		22CFBB0E2331BC3418805F2B /* Pods */ = {
			isa = PBXGroup;
			children = (
				D4BDC7207554ECCA9FDA23C1 /* Pods-Guard.debug.xcconfig */,
				B1B32BF85149E5A80C39F0CE /* Pods-Guard.release.xcconfig */,
			);
			path = Pods;
			sourceTree = "<group>";
		};
		9213F17A2301A9A10002023F /* Premium */ = {
			isa = PBXGroup;
			children = (
				9213F17B2301A9A10002023F /* PremiumBuyCell.xib */,
				9213F17C2301A9A10002023F /* SubscriptionDetailsCell.xib */,
				9213F17D2301A9A10002023F /* SubscriptionDetailsCell.swift */,
				9213F17E2301A9A10002023F /* PremiumBuyCell.swift */,
				9213F17F2301A9A10002023F /* Premium.storyboard */,
				9213F1802301A9A10002023F /* PremiumViewController.swift */,
			);
			path = Premium;
			sourceTree = "<group>";
		};
		9218F16222C0E52F008DAC76 = {
			isa = PBXGroup;
			children = (
				9218F16D22C0E52F008DAC76 /* Guard */,
				9218F16C22C0E52F008DAC76 /* Products */,
				22CFBB0E2331BC3418805F2B /* Pods */,
				E252D902D18CFF58B8042649 /* Frameworks */,
			);
			sourceTree = "<group>";
		};
		9218F16C22C0E52F008DAC76 /* Products */ = {
			isa = PBXGroup;
			children = (
				9218F16B22C0E52F008DAC76 /* Guard.app */,
			);
			name = Products;
			sourceTree = "<group>";
		};
		9218F16D22C0E52F008DAC76 /* Guard */ = {
			isa = PBXGroup;
			children = (
				92E6BF0922E301B500180FF7 /* App */,
				92C573B222C26BC800A9B424 /* Common */,
				9218F18022C0E53E008DAC76 /* Modules */,
				9218F18222C0E556008DAC76 /* Resources */,
			);
			path = Guard;
			sourceTree = "<group>";
		};
		9218F18022C0E53E008DAC76 /* Modules */ = {
			isa = PBXGroup;
			children = (
				9213F17A2301A9A10002023F /* Premium */,
				924C615122FBFFC7000724E5 /* Launch */,
				9218F18122C0E549008DAC76 /* Main */,
				9218F18322C0E654008DAC76 /* SystemInfo */,
				9218F18822C0E6A0008DAC76 /* Scan */,
				9218F18D22C0E6F7008DAC76 /* Storage */,
				9218F19222C0E723008DAC76 /* Settings */,
				9268AAB022EF5BAC005F7CF7 /* Archive */,
			);
			path = Modules;
			sourceTree = "<group>";
		};
		9218F18122C0E549008DAC76 /* Main */ = {
			isa = PBXGroup;
			children = (
				9218F17222C0E52F008DAC76 /* Main.storyboard */,
			);
			path = Main;
			sourceTree = "<group>";
		};
		9218F18222C0E556008DAC76 /* Resources */ = {
			isa = PBXGroup;
			children = (
				9218F17522C0E530008DAC76 /* Assets.xcassets */,
				9218F17722C0E530008DAC76 /* LaunchScreen.storyboard */,
				9218F17A22C0E530008DAC76 /* Info.plist */,
				92E6BF1522E30BBC00180FF7 /* GoogleService-Info.plist */,
			);
			path = Resources;
			sourceTree = "<group>";
		};
		9218F18322C0E654008DAC76 /* SystemInfo */ = {
			isa = PBXGroup;
			children = (
				92E6BF1822E3185300180FF7 /* Sections */,
				9218F18422C0E672008DAC76 /* SystemInfoTableViewController.swift */,
				9218F18622C0E67A008DAC76 /* SystemInfo.storyboard */,
			);
			path = SystemInfo;
			sourceTree = "<group>";
		};
		9218F18822C0E6A0008DAC76 /* Scan */ = {
			isa = PBXGroup;
			children = (
				9218F19722C0E7B1008DAC76 /* ScanTableViewController.swift */,
				9218F18B22C0E6BE008DAC76 /* Scan.storyboard */,
			);
			path = Scan;
			sourceTree = "<group>";
		};
		9218F18D22C0E6F7008DAC76 /* Storage */ = {
			isa = PBXGroup;
			children = (
				9218F18E22C0E70C008DAC76 /* StorageTableViewController.swift */,
				922B3E6522C88D07003FC90D /* AddPasswordTableViewController.swift */,
				92460F9822CDC772001E4AC5 /* PasswordDetailsViewController.swift */,
				9218F19022C0E712008DAC76 /* Storage.storyboard */,
			);
			path = Storage;
			sourceTree = "<group>";
		};
		9218F19222C0E723008DAC76 /* Settings */ = {
			isa = PBXGroup;
			children = (
				9218F19322C0E73A008DAC76 /* SettingsTableViewController.swift */,
				9218F19522C0E78D008DAC76 /* Settings.storyboard */,
			);
			path = Settings;
			sourceTree = "<group>";
		};
		9219BB1A22F0BF2B00C91B79 /* Models */ = {
			isa = PBXGroup;
			children = (
				9219BB1B22F0BF3E00C91B79 /* ImagePickerState.swift */,
			);
			path = Models;
			sourceTree = "<group>";
		};
		9229D76422F01A1500E16A64 /* ImagePicker */ = {
			isa = PBXGroup;
			children = (
				9219BB1A22F0BF2B00C91B79 /* Models */,
				9229D76722F01AE400E16A64 /* Views */,
				9229D76522F01A5900E16A64 /* ImagePickerController.swift */,
			);
			path = ImagePicker;
			sourceTree = "<group>";
		};
		9229D76722F01AE400E16A64 /* Views */ = {
			isa = PBXGroup;
			children = (
				9229D76822F01AF300E16A64 /* ImagePickerCell.swift */,
				9229D76922F01AF300E16A64 /* ImagePickerCell.xib */,
				9219BB1622F0BCA300C91B79 /* ImagePickerEmptyCell.swift */,
				9219BB1722F0BCA300C91B79 /* ImagePickerEmptyCell.xib */,
				92DF600322F29F480001E3FE /* ImagePickerHeaderView.swift */,
				92DF600422F29F480001E3FE /* ImagePickerHeaderView.xib */,
			);
			path = Views;
			sourceTree = "<group>";
		};
		9229D76E22F01DEA00E16A64 /* Managers */ = {
			isa = PBXGroup;
			children = (
				92F29BB022FABFCC00869F66 /* Storage.swift */,
				927EB5DC22F0A61F009CDFB1 /* PhotosManager.swift */,
				92D8306622F3F1D6009EE7FE /* ZipManager.swift */,
				924C614D22FBFDB0000724E5 /* PasscodeManager.swift */,
				9213F1782301A9760002023F /* IAPHelper.swift */,
				9213F1872301A9D30002023F /* PremiumManager.swift */,
			);
			path = Managers;
			sourceTree = "<group>";
		};
		9244865222CE005500233499 /* Storage */ = {
			isa = PBXGroup;
			children = (
				9270C07622C8B9F9004CD760 /* StorageData.swift */,
				927FA21C22C9046800731B43 /* StorageManager.swift */,
				9201DCB222F70769008C8672 /* ZipFile.swift */,
			);
			path = Storage;
			sourceTree = "<group>";
		};
		9244865322CE005B00233499 /* Media */ = {
			isa = PBXGroup;
			children = (
				9244865522CE007100233499 /* DeleteMediaRule.swift */,
			);
			path = Media;
			sourceTree = "<group>";
		};
		9244865422CE006300233499 /* Defaults */ = {
			isa = PBXGroup;
			children = (
				9244865022CE002900233499 /* DefaultsManager.swift */,
			);
			path = Defaults;
			sourceTree = "<group>";
		};
		924C615122FBFFC7000724E5 /* Launch */ = {
			isa = PBXGroup;
			children = (
				924C615222FBFFD8000724E5 /* LaunchViewController.swift */,
				920845E922FC0036004D743F /* Launch.storyboard */,
			);
			path = Launch;
			sourceTree = "<group>";
		};
		9268AAB022EF5BAC005F7CF7 /* Archive */ = {
			isa = PBXGroup;
			children = (
				92E91AF922F895AE00E21338 /* Details */,
				9229D76422F01A1500E16A64 /* ImagePicker */,
				9268AAB522EF6021005F7CF7 /* Views */,
				9268AAB122EF5BC5005F7CF7 /* ArchiveViewController.swift */,
				9268AAB322EF5BFA005F7CF7 /* Archive.storyboard */,
			);
			path = Archive;
			sourceTree = "<group>";
		};
		9268AAB522EF6021005F7CF7 /* Views */ = {
			isa = PBXGroup;
			children = (
				9268AABA22EF6146005F7CF7 /* ArchiveCell.swift */,
				9268AABB22EF6146005F7CF7 /* ArchiveCell.xib */,
				92E91AF522F8922300E21338 /* ArchiveEmptyCell.swift */,
				92E91AF622F8922300E21338 /* ArchiveEmptyCell.xib */,
			);
			path = Views;
			sourceTree = "<group>";
		};
		9270C07522C8B9E0004CD760 /* Models */ = {
			isa = PBXGroup;
			children = (
				9244865422CE006300233499 /* Defaults */,
				9244865322CE005B00233499 /* Media */,
				9244865222CE005500233499 /* Storage */,
			);
			path = Models;
			sourceTree = "<group>";
		};
		92C573B222C26BC800A9B424 /* Common */ = {
			isa = PBXGroup;
			children = (
				9229D76E22F01DEA00E16A64 /* Managers */,
				92E6BF1D22E31D7800180FF7 /* Extension */,
				92E6BF0B22E307BA00180FF7 /* Protocols */,
				9270C07522C8B9E0004CD760 /* Models */,
				92C573B322C26BD000A9B424 /* UIColor+Colors.swift */,
				9273027A22C333A000931541 /* Device.swift */,
				92B14FE522C79C2D0055FFF0 /* Double+Formats.swift */,
			);
			path = Common;
			sourceTree = "<group>";
		};
		92E6BF0922E301B500180FF7 /* App */ = {
			isa = PBXGroup;
			children = (
				92E6BF1022E3094D00180FF7 /* Commands */,
				9218F16E22C0E52F008DAC76 /* AppDelegate.swift */,
				92E6BF1122E3095C00180FF7 /* AppDelegateConfigurator.swift */,
			);
			path = App;
			sourceTree = "<group>";
		};
		92E6BF0B22E307BA00180FF7 /* Protocols */ = {
			isa = PBXGroup;
			children = (
				92E6BF0C22E3081400180FF7 /* Command.swift */,
				92E6BF0E22E3086B00180FF7 /* Configurator.swift */,
				9268AAB622EF6065005F7CF7 /* CellReusable.swift */,
				9268AAB822EF609B005F7CF7 /* SizeConfigurable.swift */,
				9268AABE22EF6459005F7CF7 /* NibLoadable.swift */,
			);
			path = Protocols;
			sourceTree = "<group>";
		};
		92E6BF1022E3094D00180FF7 /* Commands */ = {
			isa = PBXGroup;
			children = (
				92E6BF1322E30AC300180FF7 /* SetupAnalyticsCommand.swift */,
			);
			path = Commands;
			sourceTree = "<group>";
		};
		92E6BF1822E3185300180FF7 /* Sections */ = {
			isa = PBXGroup;
			children = (
				92E6BF1922E3189800180FF7 /* SystemInfoSection.swift */,
			);
			path = Sections;
			sourceTree = "<group>";
		};
		92E6BF1D22E31D7800180FF7 /* Extension */ = {
			isa = PBXGroup;
			children = (
				92E6BF1B22E31D5100180FF7 /* UIViewController+Toast.swift */,
			);
			path = Extension;
			sourceTree = "<group>";
		};
		92E91AF922F895AE00E21338 /* Details */ = {
			isa = PBXGroup;
			children = (
				92E91AFA22F895C000E21338 /* ZipDetailsViewController.swift */,
			);
			path = Details;
			sourceTree = "<group>";
		};
		E252D902D18CFF58B8042649 /* Frameworks */ = {
			isa = PBXGroup;
			children = (
				6A3E0666F257CDA2065271FB /* libPods-Guard.a */,
			);
			name = Frameworks;
			sourceTree = "<group>";
		};
/* End PBXGroup section */

/* Begin PBXNativeTarget section */
		9218F16A22C0E52F008DAC76 /* Guard */ = {
			isa = PBXNativeTarget;
			buildConfigurationList = 9218F17D22C0E530008DAC76 /* Build configuration list for PBXNativeTarget "Guard" */;
			buildPhases = (
				70222BFF7E4F1A7B61615539 /* [CP] Check Pods Manifest.lock */,
				9218F16722C0E52F008DAC76 /* Sources */,
				9218F16822C0E52F008DAC76 /* Frameworks */,
				9218F16922C0E52F008DAC76 /* Resources */,
				92E6BF1722E30D1300180FF7 /* ShellScript */,
			);
			buildRules = (
			);
			dependencies = (
			);
			name = Guard;
			productName = Guard;
			productReference = 9218F16B22C0E52F008DAC76 /* Guard.app */;
			productType = "com.apple.product-type.application";
		};
/* End PBXNativeTarget section */

/* Begin PBXProject section */
		9218F16322C0E52F008DAC76 /* Project object */ = {
			isa = PBXProject;
			attributes = {
				LastSwiftUpdateCheck = 1020;
				LastUpgradeCheck = 1020;
				ORGANIZATIONNAME = "Litvinskii Denis";
				TargetAttributes = {
					9218F16A22C0E52F008DAC76 = {
						CreatedOnToolsVersion = 10.2;
					};
				};
			};
			buildConfigurationList = 9218F16622C0E52F008DAC76 /* Build configuration list for PBXProject "Guard" */;
			compatibilityVersion = "Xcode 9.3";
			developmentRegion = en;
			hasScannedForEncodings = 0;
			knownRegions = (
				en,
				Base,
			);
			mainGroup = 9218F16222C0E52F008DAC76;
			productRefGroup = 9218F16C22C0E52F008DAC76 /* Products */;
			projectDirPath = "";
			projectRoot = "";
			targets = (
				9218F16A22C0E52F008DAC76 /* Guard */,
			);
		};
/* End PBXProject section */

/* Begin PBXResourcesBuildPhase section */
		9218F16922C0E52F008DAC76 /* Resources */ = {
			isa = PBXResourcesBuildPhase;
			buildActionMask = 2147483647;
			files = (
				9268AABD22EF6146005F7CF7 /* ArchiveCell.xib in Resources */,
				9213F1822301A9A10002023F /* SubscriptionDetailsCell.xib in Resources */,
				9219BB1922F0BCA300C91B79 /* ImagePickerEmptyCell.xib in Resources */,
				9213F1812301A9A10002023F /* PremiumBuyCell.xib in Resources */,
				9268AAB422EF5BFA005F7CF7 /* Archive.storyboard in Resources */,
				9218F17922C0E530008DAC76 /* LaunchScreen.storyboard in Resources */,
				92E6BF1622E30BBC00180FF7 /* GoogleService-Info.plist in Resources */,
				9218F18722C0E67A008DAC76 /* SystemInfo.storyboard in Resources */,
				92E91AF822F8922300E21338 /* ArchiveEmptyCell.xib in Resources */,
				92DF600622F29F480001E3FE /* ImagePickerHeaderView.xib in Resources */,
				9218F19122C0E712008DAC76 /* Storage.storyboard in Resources */,
				9218F18C22C0E6BE008DAC76 /* Scan.storyboard in Resources */,
				9229D76B22F01AF300E16A64 /* ImagePickerCell.xib in Resources */,
				920845EA22FC0036004D743F /* Launch.storyboard in Resources */,
				9213F1852301A9A10002023F /* Premium.storyboard in Resources */,
				9218F17622C0E530008DAC76 /* Assets.xcassets in Resources */,
				9218F17422C0E52F008DAC76 /* Main.storyboard in Resources */,
				9218F19622C0E78D008DAC76 /* Settings.storyboard in Resources */,
			);
			runOnlyForDeploymentPostprocessing = 0;
		};
/* End PBXResourcesBuildPhase section */

/* Begin PBXShellScriptBuildPhase section */
		70222BFF7E4F1A7B61615539 /* [CP] Check Pods Manifest.lock */ = {
			isa = PBXShellScriptBuildPhase;
			buildActionMask = 2147483647;
			files = (
			);
			inputFileListPaths = (
			);
			inputPaths = (
				"${PODS_PODFILE_DIR_PATH}/Podfile.lock",
				"${PODS_ROOT}/Manifest.lock",
			);
			name = "[CP] Check Pods Manifest.lock";
			outputFileListPaths = (
			);
			outputPaths = (
				"$(DERIVED_FILE_DIR)/Pods-Guard-checkManifestLockResult.txt",
			);
			runOnlyForDeploymentPostprocessing = 0;
			shellPath = /bin/sh;
			shellScript = "diff \"${PODS_PODFILE_DIR_PATH}/Podfile.lock\" \"${PODS_ROOT}/Manifest.lock\" > /dev/null\nif [ $? != 0 ] ; then\n    # print error to STDERR\n    echo \"error: The sandbox is not in sync with the Podfile.lock. Run 'pod install' or update your CocoaPods installation.\" >&2\n    exit 1\nfi\n# This output is used by Xcode 'outputs' to avoid re-running this script phase.\necho \"SUCCESS\" > \"${SCRIPT_OUTPUT_FILE_0}\"\n";
			showEnvVarsInLog = 0;
		};
		92E6BF1722E30D1300180FF7 /* ShellScript */ = {
			isa = PBXShellScriptBuildPhase;
			buildActionMask = 2147483647;
			files = (
			);
			inputFileListPaths = (
			);
			inputPaths = (
				"$(SRCROOT)/$(BUILT_PRODUCTS_DIR)/$(INFOPLIST_PATH)",
			);
			outputFileListPaths = (
			);
			outputPaths = (
			);
			runOnlyForDeploymentPostprocessing = 0;
			shellPath = /bin/sh;
			shellScript = "\"${PODS_ROOT}/Fabric/run\"\n";
		};
/* End PBXShellScriptBuildPhase section */

/* Begin PBXSourcesBuildPhase section */
		9218F16722C0E52F008DAC76 /* Sources */ = {
			isa = PBXSourcesBuildPhase;
			buildActionMask = 2147483647;
			files = (
				9268AAB722EF6065005F7CF7 /* CellReusable.swift in Sources */,
				9213F1792301A9760002023F /* IAPHelper.swift in Sources */,
				9201DCB322F70769008C8672 /* ZipFile.swift in Sources */,
				9213F1832301A9A10002023F /* SubscriptionDetailsCell.swift in Sources */,
				92E6BF1422E30AC300180FF7 /* SetupAnalyticsCommand.swift in Sources */,
				92E6BF0F22E3086B00180FF7 /* Configurator.swift in Sources */,
				9219BB1822F0BCA300C91B79 /* ImagePickerEmptyCell.swift in Sources */,
				92F29BB122FABFCC00869F66 /* Storage.swift in Sources */,
				9218F18522C0E672008DAC76 /* SystemInfoTableViewController.swift in Sources */,
				927EB5DD22F0A61F009CDFB1 /* PhotosManager.swift in Sources */,
				92B14FE622C79C2D0055FFF0 /* Double+Formats.swift in Sources */,
				9229D76622F01A5900E16A64 /* ImagePickerController.swift in Sources */,
				92460F9922CDC772001E4AC5 /* PasswordDetailsViewController.swift in Sources */,
				927FA21D22C9046800731B43 /* StorageManager.swift in Sources */,
				924C615322FBFFD8000724E5 /* LaunchViewController.swift in Sources */,
				92E6BF1C22E31D5100180FF7 /* UIViewController+Toast.swift in Sources */,
				92E6BF1A22E3189800180FF7 /* SystemInfoSection.swift in Sources */,
				9219BB1C22F0BF3E00C91B79 /* ImagePickerState.swift in Sources */,
				922B3E6622C88D07003FC90D /* AddPasswordTableViewController.swift in Sources */,
				9244865622CE007100233499 /* DeleteMediaRule.swift in Sources */,
				92E6BF1222E3095C00180FF7 /* AppDelegateConfigurator.swift in Sources */,
				92C573B422C26BD000A9B424 /* UIColor+Colors.swift in Sources */,
				9213F1842301A9A10002023F /* PremiumBuyCell.swift in Sources */,
				9244865122CE002900233499 /* DefaultsManager.swift in Sources */,
				9213F1862301A9A10002023F /* PremiumViewController.swift in Sources */,
				9268AABC22EF6146005F7CF7 /* ArchiveCell.swift in Sources */,
				924C614E22FBFDB0000724E5 /* PasscodeManager.swift in Sources */,
				9268AAB222EF5BC5005F7CF7 /* ArchiveViewController.swift in Sources */,
				92E6BF0D22E3081400180FF7 /* Command.swift in Sources */,
				9218F19422C0E73A008DAC76 /* SettingsTableViewController.swift in Sources */,
				9268AABF22EF6459005F7CF7 /* NibLoadable.swift in Sources */,
				92E91AFB22F895C000E21338 /* ZipDetailsViewController.swift in Sources */,
				9218F16F22C0E52F008DAC76 /* AppDelegate.swift in Sources */,
				9213F1882301A9D30002023F /* PremiumManager.swift in Sources */,
				9229D76A22F01AF300E16A64 /* ImagePickerCell.swift in Sources */,
				92D8306722F3F1D6009EE7FE /* ZipManager.swift in Sources */,
				92DF600522F29F480001E3FE /* ImagePickerHeaderView.swift in Sources */,
				9218F18F22C0E70C008DAC76 /* StorageTableViewController.swift in Sources */,
				9270C07722C8B9F9004CD760 /* StorageData.swift in Sources */,
				9273027B22C333A000931541 /* Device.swift in Sources */,
				9218F19822C0E7B1008DAC76 /* ScanTableViewController.swift in Sources */,
				92E91AF722F8922300E21338 /* ArchiveEmptyCell.swift in Sources */,
				9268AAB922EF609B005F7CF7 /* SizeConfigurable.swift in Sources */,
			);
			runOnlyForDeploymentPostprocessing = 0;
		};
/* End PBXSourcesBuildPhase section */

/* Begin PBXVariantGroup section */
		9218F17222C0E52F008DAC76 /* Main.storyboard */ = {
			isa = PBXVariantGroup;
			children = (
				9218F17322C0E52F008DAC76 /* Base */,
			);
			name = Main.storyboard;
			sourceTree = "<group>";
		};
		9218F17722C0E530008DAC76 /* LaunchScreen.storyboard */ = {
			isa = PBXVariantGroup;
			children = (
				9218F17822C0E530008DAC76 /* Base */,
			);
			name = LaunchScreen.storyboard;
			sourceTree = "<group>";
		};
/* End PBXVariantGroup section */

/* Begin XCBuildConfiguration section */
		9218F17B22C0E530008DAC76 /* Debug */ = {
			isa = XCBuildConfiguration;
			buildSettings = {
				ALWAYS_SEARCH_USER_PATHS = NO;
				CLANG_ANALYZER_NONNULL = YES;
				CLANG_ANALYZER_NUMBER_OBJECT_CONVERSION = YES_AGGRESSIVE;
				CLANG_CXX_LANGUAGE_STANDARD = "gnu++14";
				CLANG_CXX_LIBRARY = "libc++";
				CLANG_ENABLE_MODULES = YES;
				CLANG_ENABLE_OBJC_ARC = YES;
				CLANG_ENABLE_OBJC_WEAK = YES;
				CLANG_WARN_BLOCK_CAPTURE_AUTORELEASING = YES;
				CLANG_WARN_BOOL_CONVERSION = YES;
				CLANG_WARN_COMMA = YES;
				CLANG_WARN_CONSTANT_CONVERSION = YES;
				CLANG_WARN_DEPRECATED_OBJC_IMPLEMENTATIONS = YES;
				CLANG_WARN_DIRECT_OBJC_ISA_USAGE = YES_ERROR;
				CLANG_WARN_DOCUMENTATION_COMMENTS = YES;
				CLANG_WARN_EMPTY_BODY = YES;
				CLANG_WARN_ENUM_CONVERSION = YES;
				CLANG_WARN_INFINITE_RECURSION = YES;
				CLANG_WARN_INT_CONVERSION = YES;
				CLANG_WARN_NON_LITERAL_NULL_CONVERSION = YES;
				CLANG_WARN_OBJC_IMPLICIT_RETAIN_SELF = YES;
				CLANG_WARN_OBJC_LITERAL_CONVERSION = YES;
				CLANG_WARN_OBJC_ROOT_CLASS = YES_ERROR;
				CLANG_WARN_RANGE_LOOP_ANALYSIS = YES;
				CLANG_WARN_STRICT_PROTOTYPES = YES;
				CLANG_WARN_SUSPICIOUS_MOVE = YES;
				CLANG_WARN_UNGUARDED_AVAILABILITY = YES_AGGRESSIVE;
				CLANG_WARN_UNREACHABLE_CODE = YES;
				CLANG_WARN__DUPLICATE_METHOD_MATCH = YES;
				CODE_SIGN_IDENTITY = "iPhone Developer";
				COPY_PHASE_STRIP = NO;
				DEBUG_INFORMATION_FORMAT = dwarf;
				ENABLE_STRICT_OBJC_MSGSEND = YES;
				ENABLE_TESTABILITY = YES;
				GCC_C_LANGUAGE_STANDARD = gnu11;
				GCC_DYNAMIC_NO_PIC = NO;
				GCC_NO_COMMON_BLOCKS = YES;
				GCC_OPTIMIZATION_LEVEL = 0;
				GCC_PREPROCESSOR_DEFINITIONS = (
					"DEBUG=1",
					"$(inherited)",
				);
				GCC_WARN_64_TO_32_BIT_CONVERSION = YES;
				GCC_WARN_ABOUT_RETURN_TYPE = YES_ERROR;
				GCC_WARN_UNDECLARED_SELECTOR = YES;
				GCC_WARN_UNINITIALIZED_AUTOS = YES_AGGRESSIVE;
				GCC_WARN_UNUSED_FUNCTION = YES;
				GCC_WARN_UNUSED_VARIABLE = YES;
				IPHONEOS_DEPLOYMENT_TARGET = 12.2;
				MTL_ENABLE_DEBUG_INFO = INCLUDE_SOURCE;
				MTL_FAST_MATH = YES;
				ONLY_ACTIVE_ARCH = YES;
				SDKROOT = iphoneos;
				SWIFT_ACTIVE_COMPILATION_CONDITIONS = DEBUG;
				SWIFT_OPTIMIZATION_LEVEL = "-Onone";
			};
			name = Debug;
		};
		9218F17C22C0E530008DAC76 /* Release */ = {
			isa = XCBuildConfiguration;
			buildSettings = {
				ALWAYS_SEARCH_USER_PATHS = NO;
				CLANG_ANALYZER_NONNULL = YES;
				CLANG_ANALYZER_NUMBER_OBJECT_CONVERSION = YES_AGGRESSIVE;
				CLANG_CXX_LANGUAGE_STANDARD = "gnu++14";
				CLANG_CXX_LIBRARY = "libc++";
				CLANG_ENABLE_MODULES = YES;
				CLANG_ENABLE_OBJC_ARC = YES;
				CLANG_ENABLE_OBJC_WEAK = YES;
				CLANG_WARN_BLOCK_CAPTURE_AUTORELEASING = YES;
				CLANG_WARN_BOOL_CONVERSION = YES;
				CLANG_WARN_COMMA = YES;
				CLANG_WARN_CONSTANT_CONVERSION = YES;
				CLANG_WARN_DEPRECATED_OBJC_IMPLEMENTATIONS = YES;
				CLANG_WARN_DIRECT_OBJC_ISA_USAGE = YES_ERROR;
				CLANG_WARN_DOCUMENTATION_COMMENTS = YES;
				CLANG_WARN_EMPTY_BODY = YES;
				CLANG_WARN_ENUM_CONVERSION = YES;
				CLANG_WARN_INFINITE_RECURSION = YES;
				CLANG_WARN_INT_CONVERSION = YES;
				CLANG_WARN_NON_LITERAL_NULL_CONVERSION = YES;
				CLANG_WARN_OBJC_IMPLICIT_RETAIN_SELF = YES;
				CLANG_WARN_OBJC_LITERAL_CONVERSION = YES;
				CLANG_WARN_OBJC_ROOT_CLASS = YES_ERROR;
				CLANG_WARN_RANGE_LOOP_ANALYSIS = YES;
				CLANG_WARN_STRICT_PROTOTYPES = YES;
				CLANG_WARN_SUSPICIOUS_MOVE = YES;
				CLANG_WARN_UNGUARDED_AVAILABILITY = YES_AGGRESSIVE;
				CLANG_WARN_UNREACHABLE_CODE = YES;
				CLANG_WARN__DUPLICATE_METHOD_MATCH = YES;
				CODE_SIGN_IDENTITY = "iPhone Developer";
				COPY_PHASE_STRIP = NO;
				DEBUG_INFORMATION_FORMAT = "dwarf-with-dsym";
				ENABLE_NS_ASSERTIONS = NO;
				ENABLE_STRICT_OBJC_MSGSEND = YES;
				GCC_C_LANGUAGE_STANDARD = gnu11;
				GCC_NO_COMMON_BLOCKS = YES;
				GCC_WARN_64_TO_32_BIT_CONVERSION = YES;
				GCC_WARN_ABOUT_RETURN_TYPE = YES_ERROR;
				GCC_WARN_UNDECLARED_SELECTOR = YES;
				GCC_WARN_UNINITIALIZED_AUTOS = YES_AGGRESSIVE;
				GCC_WARN_UNUSED_FUNCTION = YES;
				GCC_WARN_UNUSED_VARIABLE = YES;
				IPHONEOS_DEPLOYMENT_TARGET = 12.2;
				MTL_ENABLE_DEBUG_INFO = NO;
				MTL_FAST_MATH = YES;
				SDKROOT = iphoneos;
				SWIFT_COMPILATION_MODE = wholemodule;
				SWIFT_OPTIMIZATION_LEVEL = "-O";
				VALIDATE_PRODUCT = YES;
			};
			name = Release;
		};
		9218F17E22C0E530008DAC76 /* Debug */ = {
			isa = XCBuildConfiguration;
			baseConfigurationReference = D4BDC7207554ECCA9FDA23C1 /* Pods-Guard.debug.xcconfig */;
			buildSettings = {
				ASSETCATALOG_COMPILER_APPICON_NAME = AppIcon;
				CODE_SIGN_STYLE = Automatic;
				DEBUG_INFORMATION_FORMAT = "dwarf-with-dsym";
				DEVELOPMENT_TEAM = 2X583S7UQZ;
				INFOPLIST_FILE = "$(SRCROOT)/Guard/Resources/Info.plist";
				IPHONEOS_DEPLOYMENT_TARGET = 11.4;
				LD_RUNPATH_SEARCH_PATHS = (
					"$(inherited)",
					"@executable_path/Frameworks",
				);
				PRODUCT_BUNDLE_IDENTIFIER = com.proxy.ltv;
				PRODUCT_NAME = "$(TARGET_NAME)";
				SWIFT_VERSION = 5.0;
				TARGETED_DEVICE_FAMILY = 1;
			};
			name = Debug;
		};
		9218F17F22C0E530008DAC76 /* Release */ = {
			isa = XCBuildConfiguration;
			baseConfigurationReference = B1B32BF85149E5A80C39F0CE /* Pods-Guard.release.xcconfig */;
			buildSettings = {
				ASSETCATALOG_COMPILER_APPICON_NAME = AppIcon;
				CODE_SIGN_STYLE = Automatic;
				DEVELOPMENT_TEAM = 2X583S7UQZ;
				INFOPLIST_FILE = "$(SRCROOT)/Guard/Resources/Info.plist";
				IPHONEOS_DEPLOYMENT_TARGET = 11.4;
				LD_RUNPATH_SEARCH_PATHS = (
					"$(inherited)",
					"@executable_path/Frameworks",
				);
				PRODUCT_BUNDLE_IDENTIFIER = com.proxy.ltv;
				PRODUCT_NAME = "$(TARGET_NAME)";
				SWIFT_VERSION = 5.0;
				TARGETED_DEVICE_FAMILY = 1;
			};
			name = Release;
		};
/* End XCBuildConfiguration section */

/* Begin XCConfigurationList section */
		9218F16622C0E52F008DAC76 /* Build configuration list for PBXProject "Guard" */ = {
			isa = XCConfigurationList;
			buildConfigurations = (
				9218F17B22C0E530008DAC76 /* Debug */,
				9218F17C22C0E530008DAC76 /* Release */,
			);
			defaultConfigurationIsVisible = 0;
			defaultConfigurationName = Release;
		};
		9218F17D22C0E530008DAC76 /* Build configuration list for PBXNativeTarget "Guard" */ = {
			isa = XCConfigurationList;
			buildConfigurations = (
				9218F17E22C0E530008DAC76 /* Debug */,
				9218F17F22C0E530008DAC76 /* Release */,
			);
			defaultConfigurationIsVisible = 0;
			defaultConfigurationName = Release;
		};
/* End XCConfigurationList section */
	};
	rootObject = 9218F16322C0E52F008DAC76 /* Project object */;
}
